<?xml version="1.0" encoding="utf-8"?>
<Project ToolsVersion="4.0" xmlns="http://schemas.microsoft.com/developer/msbuild/2003">
  <ItemGroup>
    <ClCompile Include="..\common\CommonFunctions.cpp">
      <Filter>common</Filter>
    </ClCompile>
    <ClCompile Include="src\Network\Client.cpp">
      <Filter>Network</Filter>
    </ClCompile>
    <ClCompile Include="src\Network\Server.cpp">
      <Filter>Network</Filter>
    </ClCompile>
    <ClCompile Include="..\common\Network\ClientTCP.cpp">
      <Filter>common\Network</Filter>
    </ClCompile>
    <ClCompile Include="..\common\Network\ServerTCP.cpp">
      <Filter>common\Network</Filter>
    </ClCompile>
    <ClCompile Include="src\Network\Chat.cpp">
      <Filter>Network</Filter>
    </ClCompile>
    <ClCompile Include="src\Game.cpp">
      <Filter>src</Filter>
    </ClCompile>
    <ClCompile Include="src\GlobalVars.cpp">
      <Filter>src</Filter>
    </ClCompile>
    <ClCompile Include="src\stdafx.cpp">
      <Filter>src</Filter>
    </ClCompile>
    <ClCompile Include="src\Tankist.cpp">
      <Filter>src</Filter>
    </ClCompile>
    <ClCompile Include="src\TankistHandlers.cpp">
      <Filter>src</Filter>
    </ClCompile>
    <ClCompile Include="src\Network\Messenger.cpp">
      <Filter>Network</Filter>
    </ClCompile>
    <ClCompile Include="src\Audio\AudioCapturer.cpp">
      <Filter>Audio</Filter>
    </ClCompile>
    <ClCompile Include="src\Audio\AudioChat.cpp">
      <Filter>Network</Filter>
    </ClCompile>
    <ClCompile Include="src\Audio\AudioPlayer.cpp">
      <Filter>Audio</Filter>
    </ClCompile>
    <ClCompile Include="..\common\Network\SocketClientTCP.cpp">
      <Filter>common\Network</Filter>
    </ClCompile>
    <ClCompile Include="..\common\Network\SocketServerTCP.cpp">
      <Filter>common\Network</Filter>
    </ClCompile>
    <ClCompile Include="src\GUI\WindowGameESC.cpp">
      <Filter>GUI</Filter>
    </ClCompile>
    <ClCompile Include="src\GUI\WindowSettings.cpp">
      <Filter>GUI</Filter>
    </ClCompile>
    <ClCompile Include="src\GUI\Elements\DropDownListButtons.cpp">
      <Filter>GUI\Elements</Filter>
    </ClCompile>
    <ClCompile Include="src\Settings.cpp">
      <Filter>src</Filter>
    </ClCompile>
    <ClCompile Include="src\GUI\Elements\Governor.cpp">
      <Filter>GUI\Elements</Filter>
    </ClCompile>
    <ClCompile Include="..\common\Counters.cpp">
      <Filter>common</Filter>
    </ClCompile>
    <ClCompile Include="..\common\Graphics\lImage.cpp">
      <Filter>common\Graphics</Filter>
    </ClCompile>
    <ClCompile Include="..\common\Core\Math.cpp">
      <Filter>common</Filter>
    </ClCompile>
    <ClCompile Include="src\GUI\GameGUI.cpp">
      <Filter>GUI</Filter>
    </ClCompile>
    <ClCompile Include="src\Objects\Tank.cpp">
      <Filter>Objects</Filter>
    </ClCompile>
    <ClCompile Include="src\Network\ChatLog.cpp">
      <Filter>Network</Filter>
    </ClCompile>
    <ClCompile Include="src\Objects\CameraUni.cpp">
      <Filter>Objects</Filter>
    </ClCompile>
    <ClCompile Include="src\Objects\Sight.cpp">
      <Filter>Objects</Filter>
    </ClCompile>
  </ItemGroup>
  <ItemGroup>
    <ClInclude Include="..\common\CommonFunctions.h">
      <Filter>common</Filter>
    </ClInclude>
    <ClInclude Include="src\Network\Client.h">
      <Filter>Network</Filter>
    </ClInclude>
    <ClInclude Include="src\Network\Server.h">
      <Filter>Network</Filter>
    </ClInclude>
    <ClInclude Include="..\common\defines.h">
      <Filter>common</Filter>
    </ClInclude>
    <ClInclude Include="..\common\Network\ClientTCP.h">
      <Filter>common\Network</Filter>
    </ClInclude>
    <ClInclude Include="..\common\Network\ServerTCP.h">
      <Filter>common\Network</Filter>
    </ClInclude>
    <ClInclude Include="src\Network\Chat.h">
      <Filter>Network</Filter>
    </ClInclude>
    <ClInclude Include="src\Game.h">
      <Filter>src</Filter>
    </ClInclude>
    <ClInclude Include="src\GlobalVars.h">
      <Filter>src</Filter>
    </ClInclude>
    <ClInclude Include="src\stdafx.h">
      <Filter>src</Filter>
    </ClInclude>
    <ClInclude Include="src\Tankist.h">
      <Filter>src</Filter>
    </ClInclude>
    <ClInclude Include="src\Network\Messenger.h">
      <Filter>Network</Filter>
    </ClInclude>
    <ClInclude Include="src\Audio\AudioCapturer.h">
      <Filter>Audio</Filter>
    </ClInclude>
    <ClInclude Include="src\Audio\AudioChat.h">
      <Filter>Network</Filter>
    </ClInclude>
    <ClInclude Include="src\Audio\AudioPlayer.h">
      <Filter>Audio</Filter>
    </ClInclude>
    <ClInclude Include="..\common\Network\SocketClientTCP.h">
      <Filter>common\Network</Filter>
    </ClInclude>
    <ClInclude Include="..\common\Network\SocketServerTCP.h">
      <Filter>common\Network</Filter>
    </ClInclude>
    <ClInclude Include="src\GUI\WindowGameESC.h">
      <Filter>GUI</Filter>
    </ClInclude>
    <ClInclude Include="src\GUI\WindowSettings.h">
      <Filter>GUI</Filter>
    </ClInclude>
    <ClInclude Include="src\GUI\Elements\DropDownListButtons.h">
      <Filter>GUI\Elements</Filter>
    </ClInclude>
    <ClInclude Include="src\Settings.h">
      <Filter>src</Filter>
    </ClInclude>
    <ClInclude Include="src\GUI\Elements\Governor.h">
      <Filter>GUI\Elements</Filter>
    </ClInclude>
    <ClInclude Include="..\common\Counters.h">
      <Filter>common</Filter>
    </ClInclude>
    <ClInclude Include="..\common\Graphics\lImage.h">
      <Filter>common\Graphics</Filter>
    </ClInclude>
    <ClInclude Include="..\common\Core\Math.h">
      <Filter>common</Filter>
    </ClInclude>
    <ClInclude Include="src\Network\NetworkEvents.h">
      <Filter>Network</Filter>
    </ClInclude>
    <ClInclude Include="src\GUI\GameGUI.h">
      <Filter>GUI</Filter>
    </ClInclude>
    <ClInclude Include="src\Objects\Tank.h">
      <Filter>Objects</Filter>
    </ClInclude>
    <ClInclude Include="src\Network\ChatLog.h">
      <Filter>Network</Filter>
    </ClInclude>
    <ClInclude Include="src\Objects\CameraUni.h">
      <Filter>Objects</Filter>
    </ClInclude>
    <ClInclude Include="src\Objects\Sight.h">
      <Filter>Objects</Filter>
    </ClInclude>
  </ItemGroup>
  <ItemGroup>
    <Filter Include="common">
      <UniqueIdentifier>{81afbd66-d8a1-455c-8c7e-11f1fec0f3ed}</UniqueIdentifier>
    </Filter>
    <Filter Include="Network">
      <UniqueIdentifier>{a1773823-5867-488d-93c1-f3fc7c797076}</UniqueIdentifier>
    </Filter>
    <Filter Include="common\Network">
      <UniqueIdentifier>{bf14e1d3-541b-49f2-afc3-d516e8c163fe}</UniqueIdentifier>
    </Filter>
    <Filter Include="src">
      <UniqueIdentifier>{59ba811c-a0e0-4214-bebe-7036cda8608c}</UniqueIdentifier>
    </Filter>
    <Filter Include="Audio">
      <UniqueIdentifier>{5b2de937-77c7-4bb1-b1f7-382ce8130131}</UniqueIdentifier>
    </Filter>
    <Filter Include="GUI">
      <UniqueIdentifier>{3fc16836-c795-4edb-af92-11b257e6c803}</UniqueIdentifier>
    </Filter>
    <Filter Include="GUI\Elements">
      <UniqueIdentifier>{ee3d8181-5b6a-4b98-bffb-43997907c563}</UniqueIdentifier>
    </Filter>
    <Filter Include="common\Graphics">
      <UniqueIdentifier>{e3e006dd-7ba9-43fa-879d-812c33cdd152}</UniqueIdentifier>
    </Filter>
    <Filter Include="Objects">
      <UniqueIdentifier>{8bb93e43-1a22-493f-8dc1-091670bd5066}</UniqueIdentifier>
    </Filter>
  </ItemGroup>
</Project>