<?xml version="1.0" encoding="utf-8"?>
<Project ToolsVersion="4.0" xmlns="http://schemas.microsoft.com/developer/msbuild/2003">
  <ItemGroup>
    <ClCompile Include="src\CameraUni.cpp" />
    <ClCompile Include="src\GlobalVars.cpp" />
    <ClCompile Include="src\stdafx.cpp" />
    <ClCompile Include="src\Tankist.cpp" />
    <ClCompile Include="src\Vehicle.cpp" />
    <ClCompile Include="..\common\CommonFunctions.cpp">
      <Filter>common</Filter>
    </ClCompile>
    <ClCompile Include="src\Network\Chat.cpp">
      <Filter>Network</Filter>
    </ClCompile>
    <ClCompile Include="src\Network\Client.cpp">
      <Filter>Network</Filter>
    </ClCompile>
    <ClCompile Include="src\Network\Server.cpp">
      <Filter>Network</Filter>
    </ClCompile>
    <ClCompile Include="src\TankistHandlers.cpp" />
    <ClCompile Include="src\Game.cpp" />
    <ClCompile Include="..\common\Network\NewClient.cpp">
      <Filter>common\Network</Filter>
    </ClCompile>
    <ClCompile Include="..\common\Network\NewServer.cpp">
      <Filter>common\Network</Filter>
    </ClCompile>
    <ClCompile Include="..\common\Network\Socket.cpp">
      <Filter>common\Network</Filter>
    </ClCompile>
  </ItemGroup>
  <ItemGroup>
    <ClInclude Include="src\CameraUni.h" />
    <ClInclude Include="src\GlobalVars.h" />
    <ClInclude Include="src\stdafx.h" />
    <ClInclude Include="src\Tankist.h" />
    <ClInclude Include="src\Vehicle.h" />
    <ClInclude Include="..\common\CommonFunctions.h">
      <Filter>common</Filter>
    </ClInclude>
    <ClInclude Include="src\Network\Chat.h">
      <Filter>Network</Filter>
    </ClInclude>
    <ClInclude Include="src\Network\Client.h">
      <Filter>Network</Filter>
    </ClInclude>
    <ClInclude Include="src\Network\Server.h">
      <Filter>Network</Filter>
    </ClInclude>
    <ClInclude Include="src\Game.h" />
    <ClInclude Include="..\common\defines.h">
      <Filter>common</Filter>
    </ClInclude>
    <ClInclude Include="..\common\Network\NewClient.h">
      <Filter>common\Network</Filter>
    </ClInclude>
    <ClInclude Include="..\common\Network\NewServer.h">
      <Filter>common\Network</Filter>
    </ClInclude>
    <ClInclude Include="..\common\Network\Socket.h">
      <Filter>common\Network</Filter>
    </ClInclude>
  </ItemGroup>
  <ItemGroup>
    <Filter Include="common">
      <UniqueIdentifier>{81afbd66-d8a1-455c-8c7e-11f1fec0f3ed}</UniqueIdentifier>
    </Filter>
    <Filter Include="Network">
      <UniqueIdentifier>{a1773823-5867-488d-93c1-f3fc7c797076}</UniqueIdentifier>
    </Filter>
    <Filter Include="common\Network">
      <UniqueIdentifier>{bf14e1d3-541b-49f2-afc3-d516e8c163fe}</UniqueIdentifier>
    </Filter>
  </ItemGroup>
</Project>